# Code generated by scarb DO NOT EDIT.
version = 1

[[package]]
name = "counter"
version = "0.1.0"
dependencies = [
 "snforge_std",
]

[[package]]
name = "snforge_scarb_plugin"
version = "0.54.0"
source = "registry+https://scarbs.xyz/"
checksum = "sha256:78b76cec49430930468c35b91105be521b2e571b88a3407f91f0c00b3f9d3b44"

[[package]]
name = "snforge_std"
version = "0.54.0"
source = "registry+https://scarbs.xyz/"
checksum = "sha256:5eae9444e31efdb72431bda696c2cf4ea98ee1475796ba8a3eb50c7279838d7f"
dependencies = [
 "snforge_scarb_plugin",
]
